
Microsoft Visual Studio Solution File, Format Version 12.00
# Visual Studio Version 17
VisualStudioVersion = 17.9.34723.18
MinimumVisualStudioVersion = 10.0.40219.1
Project("{FAE04EC0-301F-11D3-BF4B-00C04F79EFBC}") = "DbDemoApp", "DbDemoApp\DbDemoApp.csproj", "{9E3CA46B-4B4F-4C51-BE57-6244F2E27575}"
EndProject
Global
	GlobalSection(SolutionConfigurationPlatforms) = preSolution
		Debug|Any CPU = Debug|Any CPU
		Release|Any CPU = Release|Any CPU
	EndGlobalSection
	GlobalSection(ProjectConfigurationPlatforms) = postSolution
		{9E3CA46B-4B4F-4C51-BE57-6244F2E27575}.Debug|Any CPU.ActiveCfg = Debug|Any CPU
		{9E3CA46B-4B4F-4C51-BE57-6244F2E27575}.Debug|Any CPU.Build.0 = Debug|Any CPU
		{9E3CA46B-4B4F-4C51-BE57-6244F2E27575}.Release|Any CPU.ActiveCfg = Release|Any CPU
		{9E3CA46B-4B4F-4C51-BE57-6244F2E27575}.Release|Any CPU.Build.0 = Release|Any CPU
	EndGlobalSection
	GlobalSection(SolutionProperties) = preSolution
		HideSolutionNode = FALSE
	EndGlobalSection
	GlobalSection(ExtensibilityGlobals) = postSolution
		SolutionGuid = {3597699B-8F5C-4FF6-9611-51A562E2CD00}
	EndGlobalSection
EndGlobal
