
Microsoft Visual Studio Solution File, Format Version 12.00
# Visual Studio Version 17
VisualStudioVersion = 17.9.34723.18
MinimumVisualStudioVersion = 10.0.40219.1
Project("{FAE04EC0-301F-11D3-BF4B-00C04F79EFBC}") = "FirstAPI", "FirstAPI\FirstAPI.csproj", "{8BA1E76B-A829-4CE5-A545-3F595240B31C}"
EndProject
Global
	GlobalSection(SolutionConfigurationPlatforms) = preSolution
		Debug|Any CPU = Debug|Any CPU
		Release|Any CPU = Release|Any CPU
	EndGlobalSection
	GlobalSection(ProjectConfigurationPlatforms) = postSolution
		{8BA1E76B-A829-4CE5-A545-3F595240B31C}.Debug|Any CPU.ActiveCfg = Debug|Any CPU
		{8BA1E76B-A829-4CE5-A545-3F595240B31C}.Debug|Any CPU.Build.0 = Debug|Any CPU
		{8BA1E76B-A829-4CE5-A545-3F595240B31C}.Release|Any CPU.ActiveCfg = Release|Any CPU
		{8BA1E76B-A829-4CE5-A545-3F595240B31C}.Release|Any CPU.Build.0 = Release|Any CPU
	EndGlobalSection
	GlobalSection(SolutionProperties) = preSolution
		HideSolutionNode = FALSE
	EndGlobalSection
	GlobalSection(ExtensibilityGlobals) = postSolution
		SolutionGuid = {FDD3F702-302F-47E8-8861-238789AE42E9}
	EndGlobalSection
EndGlobal
