
Microsoft Visual Studio Solution File, Format Version 12.00
# Visual Studio Version 17
VisualStudioVersion = 17.9.34723.18
MinimumVisualStudioVersion = 10.0.40219.1
Project("{9A19103F-16F7-4668-BE54-9A1E7A4F7556}") = "ClinicAppointmentApp", "ClinicAppointmentApp\ClinicAppointmentApp.csproj", "{E6D525E8-31BA-4FCF-8F1E-E5322B5AA614}"
EndProject
Project("{9A19103F-16F7-4668-BE54-9A1E7A4F7556}") = "ClinicAppointmentModelLibrary", "ClinicAppointmentModelLibrary\ClinicAppointmentModelLibrary.csproj", "{63E12D1A-81CC-4ED4-B65E-61E6706F6A16}"
EndProject
Project("{9A19103F-16F7-4668-BE54-9A1E7A4F7556}") = "ClinicAppointmentDALLibrary", "ClinicAppointmentDALLibrary\ClinicAppointmentDALLibrary.csproj", "{856E4999-E149-4A5B-BA86-A642BCA0ABAC}"
EndProject
Project("{9A19103F-16F7-4668-BE54-9A1E7A4F7556}") = "ClinicAppointmentBLLibrary", "ClinicAppointmentBLLibrary\ClinicAppointmentBLLibrary.csproj", "{BE0FBD2C-0BBD-452C-ABD1-BC908DE7CC36}"
EndProject
Project("{FAE04EC0-301F-11D3-BF4B-00C04F79EFBC}") = "ClinicAppointmentBLTest", "ClinicAppointmentBLTest\ClinicAppointmentBLTest.csproj", "{F83F55D3-6BA8-4A7A-AC0A-B343799ECE2B}"
EndProject
Global
	GlobalSection(SolutionConfigurationPlatforms) = preSolution
		Debug|Any CPU = Debug|Any CPU
		Release|Any CPU = Release|Any CPU
	EndGlobalSection
	GlobalSection(ProjectConfigurationPlatforms) = postSolution
		{E6D525E8-31BA-4FCF-8F1E-E5322B5AA614}.Debug|Any CPU.ActiveCfg = Debug|Any CPU
		{E6D525E8-31BA-4FCF-8F1E-E5322B5AA614}.Debug|Any CPU.Build.0 = Debug|Any CPU
		{E6D525E8-31BA-4FCF-8F1E-E5322B5AA614}.Release|Any CPU.ActiveCfg = Release|Any CPU
		{E6D525E8-31BA-4FCF-8F1E-E5322B5AA614}.Release|Any CPU.Build.0 = Release|Any CPU
		{63E12D1A-81CC-4ED4-B65E-61E6706F6A16}.Debug|Any CPU.ActiveCfg = Debug|Any CPU
		{63E12D1A-81CC-4ED4-B65E-61E6706F6A16}.Debug|Any CPU.Build.0 = Debug|Any CPU
		{63E12D1A-81CC-4ED4-B65E-61E6706F6A16}.Release|Any CPU.ActiveCfg = Release|Any CPU
		{63E12D1A-81CC-4ED4-B65E-61E6706F6A16}.Release|Any CPU.Build.0 = Release|Any CPU
		{856E4999-E149-4A5B-BA86-A642BCA0ABAC}.Debug|Any CPU.ActiveCfg = Debug|Any CPU
		{856E4999-E149-4A5B-BA86-A642BCA0ABAC}.Debug|Any CPU.Build.0 = Debug|Any CPU
		{856E4999-E149-4A5B-BA86-A642BCA0ABAC}.Release|Any CPU.ActiveCfg = Release|Any CPU
		{856E4999-E149-4A5B-BA86-A642BCA0ABAC}.Release|Any CPU.Build.0 = Release|Any CPU
		{BE0FBD2C-0BBD-452C-ABD1-BC908DE7CC36}.Debug|Any CPU.ActiveCfg = Debug|Any CPU
		{BE0FBD2C-0BBD-452C-ABD1-BC908DE7CC36}.Debug|Any CPU.Build.0 = Debug|Any CPU
		{BE0FBD2C-0BBD-452C-ABD1-BC908DE7CC36}.Release|Any CPU.ActiveCfg = Release|Any CPU
		{BE0FBD2C-0BBD-452C-ABD1-BC908DE7CC36}.Release|Any CPU.Build.0 = Release|Any CPU
		{F83F55D3-6BA8-4A7A-AC0A-B343799ECE2B}.Debug|Any CPU.ActiveCfg = Debug|Any CPU
		{F83F55D3-6BA8-4A7A-AC0A-B343799ECE2B}.Debug|Any CPU.Build.0 = Debug|Any CPU
		{F83F55D3-6BA8-4A7A-AC0A-B343799ECE2B}.Release|Any CPU.ActiveCfg = Release|Any CPU
		{F83F55D3-6BA8-4A7A-AC0A-B343799ECE2B}.Release|Any CPU.Build.0 = Release|Any CPU
	EndGlobalSection
	GlobalSection(SolutionProperties) = preSolution
		HideSolutionNode = FALSE
	EndGlobalSection
	GlobalSection(ExtensibilityGlobals) = postSolution
		SolutionGuid = {5C770FAB-29F5-48B5-8973-6AA7DC887301}
	EndGlobalSection
EndGlobal
